
Microsoft Visual Studio Solution File, Format Version 12.00
# Visual Studio 14
VisualStudioVersion = 14.0.25420.1
MinimumVisualStudioVersion = 10.0.40219.1
Project("{FAE04EC0-301F-11D3-BF4B-00C04F79EFBC}") = "XfHappySad", "XfHappySad\XfHappySad\XfHappySad.csproj", "{DB65AD1E-29E7-4DB5-9A0E-3AB26EA12683}"
EndProject
Project("{FAE04EC0-301F-11D3-BF4B-00C04F79EFBC}") = "XfHappySad.Droid", "XfHappySad\XfHappySad.Droid\XfHappySad.Droid.csproj", "{EFD2C7BB-07B3-4EDB-BC37-87136DF2CCC9}"
EndProject
Project("{FAE04EC0-301F-11D3-BF4B-00C04F79EFBC}") = "XfHappySad.iOS", "XfHappySad\XfHappySad.iOS\XfHappySad.iOS.csproj", "{225B7F57-A632-4ECF-9BF8-3767A889C4B0}"
EndProject
Global
	GlobalSection(SolutionConfigurationPlatforms) = preSolution
		Ad-Hoc|Any CPU = Ad-Hoc|Any CPU
		Ad-Hoc|ARM = Ad-Hoc|ARM
		Ad-Hoc|iPhone = Ad-Hoc|iPhone
		Ad-Hoc|iPhoneSimulator = Ad-Hoc|iPhoneSimulator
		Ad-Hoc|x64 = Ad-Hoc|x64
		Ad-Hoc|x86 = Ad-Hoc|x86
		AppStore|Any CPU = AppStore|Any CPU
		AppStore|ARM = AppStore|ARM
		AppStore|iPhone = AppStore|iPhone
		AppStore|iPhoneSimulator = AppStore|iPhoneSimulator
		AppStore|x64 = AppStore|x64
		AppStore|x86 = AppStore|x86
		Debug|Any CPU = Debug|Any CPU
		Debug|ARM = Debug|ARM
		Debug|iPhone = Debug|iPhone
		Debug|iPhoneSimulator = Debug|iPhoneSimulator
		Debug|x64 = Debug|x64
		Debug|x86 = Debug|x86
		Release|Any CPU = Release|Any CPU
		Release|ARM = Release|ARM
		Release|iPhone = Release|iPhone
		Release|iPhoneSimulator = Release|iPhoneSimulator
		Release|x64 = Release|x64
		Release|x86 = Release|x86
	EndGlobalSection
	GlobalSection(ProjectConfigurationPlatforms) = postSolution
		{DB65AD1E-29E7-4DB5-9A0E-3AB26EA12683}.Ad-Hoc|Any CPU.ActiveCfg = Release|Any CPU
		{DB65AD1E-29E7-4DB5-9A0E-3AB26EA12683}.Ad-Hoc|Any CPU.Build.0 = Release|Any CPU
		{DB65AD1E-29E7-4DB5-9A0E-3AB26EA12683}.Ad-Hoc|ARM.ActiveCfg = Release|Any CPU
		{DB65AD1E-29E7-4DB5-9A0E-3AB26EA12683}.Ad-Hoc|ARM.Build.0 = Release|Any CPU
		{DB65AD1E-29E7-4DB5-9A0E-3AB26EA12683}.Ad-Hoc|iPhone.ActiveCfg = Release|Any CPU
		{DB65AD1E-29E7-4DB5-9A0E-3AB26EA12683}.Ad-Hoc|iPhone.Build.0 = Release|Any CPU
		{DB65AD1E-29E7-4DB5-9A0E-3AB26EA12683}.Ad-Hoc|iPhoneSimulator.ActiveCfg = Release|Any CPU
		{DB65AD1E-29E7-4DB5-9A0E-3AB26EA12683}.Ad-Hoc|iPhoneSimulator.Build.0 = Release|Any CPU
		{DB65AD1E-29E7-4DB5-9A0E-3AB26EA12683}.Ad-Hoc|x64.ActiveCfg = Release|Any CPU
		{DB65AD1E-29E7-4DB5-9A0E-3AB26EA12683}.Ad-Hoc|x64.Build.0 = Release|Any CPU
		{DB65AD1E-29E7-4DB5-9A0E-3AB26EA12683}.Ad-Hoc|x86.ActiveCfg = Release|Any CPU
		{DB65AD1E-29E7-4DB5-9A0E-3AB26EA12683}.Ad-Hoc|x86.Build.0 = Release|Any CPU
		{DB65AD1E-29E7-4DB5-9A0E-3AB26EA12683}.AppStore|Any CPU.ActiveCfg = Release|Any CPU
		{DB65AD1E-29E7-4DB5-9A0E-3AB26EA12683}.AppStore|Any CPU.Build.0 = Release|Any CPU
		{DB65AD1E-29E7-4DB5-9A0E-3AB26EA12683}.AppStore|ARM.ActiveCfg = Release|Any CPU
		{DB65AD1E-29E7-4DB5-9A0E-3AB26EA12683}.AppStore|ARM.Build.0 = Release|Any CPU
		{DB65AD1E-29E7-4DB5-9A0E-3AB26EA12683}.AppStore|iPhone.ActiveCfg = Release|Any CPU
		{DB65AD1E-29E7-4DB5-9A0E-3AB26EA12683}.AppStore|iPhone.Build.0 = Release|Any CPU
		{DB65AD1E-29E7-4DB5-9A0E-3AB26EA12683}.AppStore|iPhoneSimulator.ActiveCfg = Release|Any CPU
		{DB65AD1E-29E7-4DB5-9A0E-3AB26EA12683}.AppStore|iPhoneSimulator.Build.0 = Release|Any CPU
		{DB65AD1E-29E7-4DB5-9A0E-3AB26EA12683}.AppStore|x64.ActiveCfg = Release|Any CPU
		{DB65AD1E-29E7-4DB5-9A0E-3AB26EA12683}.AppStore|x64.Build.0 = Release|Any CPU
		{DB65AD1E-29E7-4DB5-9A0E-3AB26EA12683}.AppStore|x86.ActiveCfg = Release|Any CPU
		{DB65AD1E-29E7-4DB5-9A0E-3AB26EA12683}.AppStore|x86.Build.0 = Release|Any CPU
		{DB65AD1E-29E7-4DB5-9A0E-3AB26EA12683}.Debug|Any CPU.ActiveCfg = Debug|Any CPU
		{DB65AD1E-29E7-4DB5-9A0E-3AB26EA12683}.Debug|Any CPU.Build.0 = Debug|Any CPU
		{DB65AD1E-29E7-4DB5-9A0E-3AB26EA12683}.Debug|ARM.ActiveCfg = Debug|Any CPU
		{DB65AD1E-29E7-4DB5-9A0E-3AB26EA12683}.Debug|ARM.Build.0 = Debug|Any CPU
		{DB65AD1E-29E7-4DB5-9A0E-3AB26EA12683}.Debug|iPhone.ActiveCfg = Debug|Any CPU
		{DB65AD1E-29E7-4DB5-9A0E-3AB26EA12683}.Debug|iPhone.Build.0 = Debug|Any CPU
		{DB65AD1E-29E7-4DB5-9A0E-3AB26EA12683}.Debug|iPhoneSimulator.ActiveCfg = Debug|Any CPU
		{DB65AD1E-29E7-4DB5-9A0E-3AB26EA12683}.Debug|iPhoneSimulator.Build.0 = Debug|Any CPU
		{DB65AD1E-29E7-4DB5-9A0E-3AB26EA12683}.Debug|x64.ActiveCfg = Debug|Any CPU
		{DB65AD1E-29E7-4DB5-9A0E-3AB26EA12683}.Debug|x64.Build.0 = Debug|Any CPU
		{DB65AD1E-29E7-4DB5-9A0E-3AB26EA12683}.Debug|x86.ActiveCfg = Debug|Any CPU
		{DB65AD1E-29E7-4DB5-9A0E-3AB26EA12683}.Debug|x86.Build.0 = Debug|Any CPU
		{DB65AD1E-29E7-4DB5-9A0E-3AB26EA12683}.Release|Any CPU.ActiveCfg = Release|Any CPU
		{DB65AD1E-29E7-4DB5-9A0E-3AB26EA12683}.Release|Any CPU.Build.0 = Release|Any CPU
		{DB65AD1E-29E7-4DB5-9A0E-3AB26EA12683}.Release|ARM.ActiveCfg = Release|Any CPU
		{DB65AD1E-29E7-4DB5-9A0E-3AB26EA12683}.Release|ARM.Build.0 = Release|Any CPU
		{DB65AD1E-29E7-4DB5-9A0E-3AB26EA12683}.Release|iPhone.ActiveCfg = Release|Any CPU
		{DB65AD1E-29E7-4DB5-9A0E-3AB26EA12683}.Release|iPhone.Build.0 = Release|Any CPU
		{DB65AD1E-29E7-4DB5-9A0E-3AB26EA12683}.Release|iPhoneSimulator.ActiveCfg = Release|Any CPU
		{DB65AD1E-29E7-4DB5-9A0E-3AB26EA12683}.Release|iPhoneSimulator.Build.0 = Release|Any CPU
		{DB65AD1E-29E7-4DB5-9A0E-3AB26EA12683}.Release|x64.ActiveCfg = Release|Any CPU
		{DB65AD1E-29E7-4DB5-9A0E-3AB26EA12683}.Release|x64.Build.0 = Release|Any CPU
		{DB65AD1E-29E7-4DB5-9A0E-3AB26EA12683}.Release|x86.ActiveCfg = Release|Any CPU
		{DB65AD1E-29E7-4DB5-9A0E-3AB26EA12683}.Release|x86.Build.0 = Release|Any CPU
		{EFD2C7BB-07B3-4EDB-BC37-87136DF2CCC9}.Ad-Hoc|Any CPU.ActiveCfg = Release|Any CPU
		{EFD2C7BB-07B3-4EDB-BC37-87136DF2CCC9}.Ad-Hoc|Any CPU.Build.0 = Release|Any CPU
		{EFD2C7BB-07B3-4EDB-BC37-87136DF2CCC9}.Ad-Hoc|Any CPU.Deploy.0 = Release|Any CPU
		{EFD2C7BB-07B3-4EDB-BC37-87136DF2CCC9}.Ad-Hoc|ARM.ActiveCfg = Release|Any CPU
		{EFD2C7BB-07B3-4EDB-BC37-87136DF2CCC9}.Ad-Hoc|ARM.Build.0 = Release|Any CPU
		{EFD2C7BB-07B3-4EDB-BC37-87136DF2CCC9}.Ad-Hoc|ARM.Deploy.0 = Release|Any CPU
		{EFD2C7BB-07B3-4EDB-BC37-87136DF2CCC9}.Ad-Hoc|iPhone.ActiveCfg = Release|Any CPU
		{EFD2C7BB-07B3-4EDB-BC37-87136DF2CCC9}.Ad-Hoc|iPhone.Build.0 = Release|Any CPU
		{EFD2C7BB-07B3-4EDB-BC37-87136DF2CCC9}.Ad-Hoc|iPhone.Deploy.0 = Release|Any CPU
		{EFD2C7BB-07B3-4EDB-BC37-87136DF2CCC9}.Ad-Hoc|iPhoneSimulator.ActiveCfg = Release|Any CPU
		{EFD2C7BB-07B3-4EDB-BC37-87136DF2CCC9}.Ad-Hoc|iPhoneSimulator.Build.0 = Release|Any CPU
		{EFD2C7BB-07B3-4EDB-BC37-87136DF2CCC9}.Ad-Hoc|iPhoneSimulator.Deploy.0 = Release|Any CPU
		{EFD2C7BB-07B3-4EDB-BC37-87136DF2CCC9}.Ad-Hoc|x64.ActiveCfg = Release|Any CPU
		{EFD2C7BB-07B3-4EDB-BC37-87136DF2CCC9}.Ad-Hoc|x64.Build.0 = Release|Any CPU
		{EFD2C7BB-07B3-4EDB-BC37-87136DF2CCC9}.Ad-Hoc|x64.Deploy.0 = Release|Any CPU
		{EFD2C7BB-07B3-4EDB-BC37-87136DF2CCC9}.Ad-Hoc|x86.ActiveCfg = Release|Any CPU
		{EFD2C7BB-07B3-4EDB-BC37-87136DF2CCC9}.Ad-Hoc|x86.Build.0 = Release|Any CPU
		{EFD2C7BB-07B3-4EDB-BC37-87136DF2CCC9}.Ad-Hoc|x86.Deploy.0 = Release|Any CPU
		{EFD2C7BB-07B3-4EDB-BC37-87136DF2CCC9}.AppStore|Any CPU.ActiveCfg = Release|Any CPU
		{EFD2C7BB-07B3-4EDB-BC37-87136DF2CCC9}.AppStore|Any CPU.Build.0 = Release|Any CPU
		{EFD2C7BB-07B3-4EDB-BC37-87136DF2CCC9}.AppStore|Any CPU.Deploy.0 = Release|Any CPU
		{EFD2C7BB-07B3-4EDB-BC37-87136DF2CCC9}.AppStore|ARM.ActiveCfg = Release|Any CPU
		{EFD2C7BB-07B3-4EDB-BC37-87136DF2CCC9}.AppStore|ARM.Build.0 = Release|Any CPU
		{EFD2C7BB-07B3-4EDB-BC37-87136DF2CCC9}.AppStore|ARM.Deploy.0 = Release|Any CPU
		{EFD2C7BB-07B3-4EDB-BC37-87136DF2CCC9}.AppStore|iPhone.ActiveCfg = Release|Any CPU
		{EFD2C7BB-07B3-4EDB-BC37-87136DF2CCC9}.AppStore|iPhone.Build.0 = Release|Any CPU
		{EFD2C7BB-07B3-4EDB-BC37-87136DF2CCC9}.AppStore|iPhone.Deploy.0 = Release|Any CPU
		{EFD2C7BB-07B3-4EDB-BC37-87136DF2CCC9}.AppStore|iPhoneSimulator.ActiveCfg = Release|Any CPU
		{EFD2C7BB-07B3-4EDB-BC37-87136DF2CCC9}.AppStore|iPhoneSimulator.Build.0 = Release|Any CPU
		{EFD2C7BB-07B3-4EDB-BC37-87136DF2CCC9}.AppStore|iPhoneSimulator.Deploy.0 = Release|Any CPU
		{EFD2C7BB-07B3-4EDB-BC37-87136DF2CCC9}.AppStore|x64.ActiveCfg = Release|Any CPU
		{EFD2C7BB-07B3-4EDB-BC37-87136DF2CCC9}.AppStore|x64.Build.0 = Release|Any CPU
		{EFD2C7BB-07B3-4EDB-BC37-87136DF2CCC9}.AppStore|x64.Deploy.0 = Release|Any CPU
		{EFD2C7BB-07B3-4EDB-BC37-87136DF2CCC9}.AppStore|x86.ActiveCfg = Release|Any CPU
		{EFD2C7BB-07B3-4EDB-BC37-87136DF2CCC9}.AppStore|x86.Build.0 = Release|Any CPU
		{EFD2C7BB-07B3-4EDB-BC37-87136DF2CCC9}.AppStore|x86.Deploy.0 = Release|Any CPU
		{EFD2C7BB-07B3-4EDB-BC37-87136DF2CCC9}.Debug|Any CPU.ActiveCfg = Debug|Any CPU
		{EFD2C7BB-07B3-4EDB-BC37-87136DF2CCC9}.Debug|Any CPU.Build.0 = Debug|Any CPU
		{EFD2C7BB-07B3-4EDB-BC37-87136DF2CCC9}.Debug|Any CPU.Deploy.0 = Debug|Any CPU
		{EFD2C7BB-07B3-4EDB-BC37-87136DF2CCC9}.Debug|ARM.ActiveCfg = Debug|Any CPU
		{EFD2C7BB-07B3-4EDB-BC37-87136DF2CCC9}.Debug|ARM.Build.0 = Debug|Any CPU
		{EFD2C7BB-07B3-4EDB-BC37-87136DF2CCC9}.Debug|ARM.Deploy.0 = Debug|Any CPU
		{EFD2C7BB-07B3-4EDB-BC37-87136DF2CCC9}.Debug|iPhone.ActiveCfg = Debug|Any CPU
		{EFD2C7BB-07B3-4EDB-BC37-87136DF2CCC9}.Debug|iPhone.Build.0 = Debug|Any CPU
		{EFD2C7BB-07B3-4EDB-BC37-87136DF2CCC9}.Debug|iPhone.Deploy.0 = Debug|Any CPU
		{EFD2C7BB-07B3-4EDB-BC37-87136DF2CCC9}.Debug|iPhoneSimulator.ActiveCfg = Debug|Any CPU
		{EFD2C7BB-07B3-4EDB-BC37-87136DF2CCC9}.Debug|iPhoneSimulator.Build.0 = Debug|Any CPU
		{EFD2C7BB-07B3-4EDB-BC37-87136DF2CCC9}.Debug|iPhoneSimulator.Deploy.0 = Debug|Any CPU
		{EFD2C7BB-07B3-4EDB-BC37-87136DF2CCC9}.Debug|x64.ActiveCfg = Debug|Any CPU
		{EFD2C7BB-07B3-4EDB-BC37-87136DF2CCC9}.Debug|x64.Build.0 = Debug|Any CPU
		{EFD2C7BB-07B3-4EDB-BC37-87136DF2CCC9}.Debug|x64.Deploy.0 = Debug|Any CPU
		{EFD2C7BB-07B3-4EDB-BC37-87136DF2CCC9}.Debug|x86.ActiveCfg = Debug|Any CPU
		{EFD2C7BB-07B3-4EDB-BC37-87136DF2CCC9}.Debug|x86.Build.0 = Debug|Any CPU
		{EFD2C7BB-07B3-4EDB-BC37-87136DF2CCC9}.Debug|x86.Deploy.0 = Debug|Any CPU
		{EFD2C7BB-07B3-4EDB-BC37-87136DF2CCC9}.Release|Any CPU.ActiveCfg = Release|Any CPU
		{EFD2C7BB-07B3-4EDB-BC37-87136DF2CCC9}.Release|Any CPU.Build.0 = Release|Any CPU
		{EFD2C7BB-07B3-4EDB-BC37-87136DF2CCC9}.Release|Any CPU.Deploy.0 = Release|Any CPU
		{EFD2C7BB-07B3-4EDB-BC37-87136DF2CCC9}.Release|ARM.ActiveCfg = Release|Any CPU
		{EFD2C7BB-07B3-4EDB-BC37-87136DF2CCC9}.Release|ARM.Build.0 = Release|Any CPU
		{EFD2C7BB-07B3-4EDB-BC37-87136DF2CCC9}.Release|ARM.Deploy.0 = Release|Any CPU
		{EFD2C7BB-07B3-4EDB-BC37-87136DF2CCC9}.Release|iPhone.ActiveCfg = Release|Any CPU
		{EFD2C7BB-07B3-4EDB-BC37-87136DF2CCC9}.Release|iPhone.Build.0 = Release|Any CPU
		{EFD2C7BB-07B3-4EDB-BC37-87136DF2CCC9}.Release|iPhone.Deploy.0 = Release|Any CPU
		{EFD2C7BB-07B3-4EDB-BC37-87136DF2CCC9}.Release|iPhoneSimulator.ActiveCfg = Release|Any CPU
		{EFD2C7BB-07B3-4EDB-BC37-87136DF2CCC9}.Release|iPhoneSimulator.Build.0 = Release|Any CPU
		{EFD2C7BB-07B3-4EDB-BC37-87136DF2CCC9}.Release|iPhoneSimulator.Deploy.0 = Release|Any CPU
		{EFD2C7BB-07B3-4EDB-BC37-87136DF2CCC9}.Release|x64.ActiveCfg = Release|Any CPU
		{EFD2C7BB-07B3-4EDB-BC37-87136DF2CCC9}.Release|x64.Build.0 = Release|Any CPU
		{EFD2C7BB-07B3-4EDB-BC37-87136DF2CCC9}.Release|x64.Deploy.0 = Release|Any CPU
		{EFD2C7BB-07B3-4EDB-BC37-87136DF2CCC9}.Release|x86.ActiveCfg = Release|Any CPU
		{EFD2C7BB-07B3-4EDB-BC37-87136DF2CCC9}.Release|x86.Build.0 = Release|Any CPU
		{EFD2C7BB-07B3-4EDB-BC37-87136DF2CCC9}.Release|x86.Deploy.0 = Release|Any CPU
		{225B7F57-A632-4ECF-9BF8-3767A889C4B0}.Ad-Hoc|Any CPU.ActiveCfg = Ad-Hoc|iPhone
		{225B7F57-A632-4ECF-9BF8-3767A889C4B0}.Ad-Hoc|ARM.ActiveCfg = Ad-Hoc|iPhone
		{225B7F57-A632-4ECF-9BF8-3767A889C4B0}.Ad-Hoc|iPhone.ActiveCfg = Ad-Hoc|iPhone
		{225B7F57-A632-4ECF-9BF8-3767A889C4B0}.Ad-Hoc|iPhone.Build.0 = Ad-Hoc|iPhone
		{225B7F57-A632-4ECF-9BF8-3767A889C4B0}.Ad-Hoc|iPhoneSimulator.ActiveCfg = Ad-Hoc|iPhoneSimulator
		{225B7F57-A632-4ECF-9BF8-3767A889C4B0}.Ad-Hoc|iPhoneSimulator.Build.0 = Ad-Hoc|iPhoneSimulator
		{225B7F57-A632-4ECF-9BF8-3767A889C4B0}.Ad-Hoc|x64.ActiveCfg = Ad-Hoc|iPhone
		{225B7F57-A632-4ECF-9BF8-3767A889C4B0}.Ad-Hoc|x86.ActiveCfg = Ad-Hoc|iPhone
		{225B7F57-A632-4ECF-9BF8-3767A889C4B0}.AppStore|Any CPU.ActiveCfg = AppStore|iPhone
		{225B7F57-A632-4ECF-9BF8-3767A889C4B0}.AppStore|ARM.ActiveCfg = AppStore|iPhone
		{225B7F57-A632-4ECF-9BF8-3767A889C4B0}.AppStore|iPhone.ActiveCfg = AppStore|iPhone
		{225B7F57-A632-4ECF-9BF8-3767A889C4B0}.AppStore|iPhone.Build.0 = AppStore|iPhone
		{225B7F57-A632-4ECF-9BF8-3767A889C4B0}.AppStore|iPhoneSimulator.ActiveCfg = AppStore|iPhoneSimulator
		{225B7F57-A632-4ECF-9BF8-3767A889C4B0}.AppStore|iPhoneSimulator.Build.0 = AppStore|iPhoneSimulator
		{225B7F57-A632-4ECF-9BF8-3767A889C4B0}.AppStore|x64.ActiveCfg = AppStore|iPhone
		{225B7F57-A632-4ECF-9BF8-3767A889C4B0}.AppStore|x86.ActiveCfg = AppStore|iPhone
		{225B7F57-A632-4ECF-9BF8-3767A889C4B0}.Debug|Any CPU.ActiveCfg = Debug|iPhone
		{225B7F57-A632-4ECF-9BF8-3767A889C4B0}.Debug|ARM.ActiveCfg = Debug|iPhone
		{225B7F57-A632-4ECF-9BF8-3767A889C4B0}.Debug|iPhone.ActiveCfg = Debug|iPhone
		{225B7F57-A632-4ECF-9BF8-3767A889C4B0}.Debug|iPhone.Build.0 = Debug|iPhone
		{225B7F57-A632-4ECF-9BF8-3767A889C4B0}.Debug|iPhoneSimulator.ActiveCfg = Debug|iPhoneSimulator
		{225B7F57-A632-4ECF-9BF8-3767A889C4B0}.Debug|iPhoneSimulator.Build.0 = Debug|iPhoneSimulator
		{225B7F57-A632-4ECF-9BF8-3767A889C4B0}.Debug|x64.ActiveCfg = Debug|iPhone
		{225B7F57-A632-4ECF-9BF8-3767A889C4B0}.Debug|x86.ActiveCfg = Debug|iPhone
		{225B7F57-A632-4ECF-9BF8-3767A889C4B0}.Release|Any CPU.ActiveCfg = Release|iPhone
		{225B7F57-A632-4ECF-9BF8-3767A889C4B0}.Release|ARM.ActiveCfg = Release|iPhone
		{225B7F57-A632-4ECF-9BF8-3767A889C4B0}.Release|iPhone.ActiveCfg = Release|iPhone
		{225B7F57-A632-4ECF-9BF8-3767A889C4B0}.Release|iPhone.Build.0 = Release|iPhone
		{225B7F57-A632-4ECF-9BF8-3767A889C4B0}.Release|iPhoneSimulator.ActiveCfg = Release|iPhoneSimulator
		{225B7F57-A632-4ECF-9BF8-3767A889C4B0}.Release|iPhoneSimulator.Build.0 = Release|iPhoneSimulator
		{225B7F57-A632-4ECF-9BF8-3767A889C4B0}.Release|x64.ActiveCfg = Release|iPhone
		{225B7F57-A632-4ECF-9BF8-3767A889C4B0}.Release|x86.ActiveCfg = Release|iPhone
	EndGlobalSection
	GlobalSection(SolutionProperties) = preSolution
		HideSolutionNode = FALSE
	EndGlobalSection
EndGlobal
